// !$*UTF8*$!
{
	archiveVersion = 1;
	classes = {
	};
	objectVersion = 46;
	objects = {

/* Begin PBXBuildFile section */
		A6950923159219CC81B81FB5 /* Pods_NetworkStatusMonitor.framework in Frameworks */ = {isa = PBXBuildFile; fileRef = EEB8D962591E6FCE5161F9C5 /* Pods_NetworkStatusMonitor.framework */; };
		BF82FD8B1E9B516600A49CC6 /* AppDelegate.swift in Sources */ = {isa = PBXBuildFile; fileRef = BF82FD8A1E9B516600A49CC6 /* AppDelegate.swift */; };
		BF82FD8D1E9B516600A49CC6 /* ViewController.swift in Sources */ = {isa = PBXBuildFile; fileRef = BF82FD8C1E9B516600A49CC6 /* ViewController.swift */; };
		BF82FD901E9B516600A49CC6 /* Main.storyboard in Resources */ = {isa = PBXBuildFile; fileRef = BF82FD8E1E9B516600A49CC6 /* Main.storyboard */; };
		BF82FD921E9B516600A49CC6 /* Assets.xcassets in Resources */ = {isa = PBXBuildFile; fileRef = BF82FD911E9B516600A49CC6 /* Assets.xcassets */; };
		BF82FD951E9B516600A49CC6 /* LaunchScreen.storyboard in Resources */ = {isa = PBXBuildFile; fileRef = BF82FD931E9B516600A49CC6 /* LaunchScreen.storyboard */; };
		BF82FD9E1E9B51EC00A49CC6 /* ReachabilityManager.swift in Sources */ = {isa = PBXBuildFile; fileRef = BF82FD9D1E9B51EC00A49CC6 /* ReachabilityManager.swift */; };
/* End PBXBuildFile section */

/* Begin PBXFileReference section */
		3F2B854B91D7C8DFF29B97DC /* Pods-NetworkStatusMonitor.debug.xcconfig */ = {isa = PBXFileReference; includeInIndex = 1; lastKnownFileType = text.xcconfig; name = "Pods-NetworkStatusMonitor.debug.xcconfig"; path = "Pods/Target Support Files/Pods-NetworkStatusMonitor/Pods-NetworkStatusMonitor.debug.xcconfig"; sourceTree = "<group>"; };
		AC6D2D0AA1C34971978B0BE5 /* Pods-NetworkStatusMonitor.release.xcconfig */ = {isa = PBXFileReference; includeInIndex = 1; lastKnownFileType = text.xcconfig; name = "Pods-NetworkStatusMonitor.release.xcconfig"; path = "Pods/Target Support Files/Pods-NetworkStatusMonitor/Pods-NetworkStatusMonitor.release.xcconfig"; sourceTree = "<group>"; };
		BF82FD871E9B516600A49CC6 /* NetworkStatusMonitor.app */ = {isa = PBXFileReference; explicitFileType = wrapper.application; includeInIndex = 0; path = NetworkStatusMonitor.app; sourceTree = BUILT_PRODUCTS_DIR; };
		BF82FD8A1E9B516600A49CC6 /* AppDelegate.swift */ = {isa = PBXFileReference; lastKnownFileType = sourcecode.swift; path = AppDelegate.swift; sourceTree = "<group>"; };
		BF82FD8C1E9B516600A49CC6 /* ViewController.swift */ = {isa = PBXFileReference; lastKnownFileType = sourcecode.swift; path = ViewController.swift; sourceTree = "<group>"; };
		BF82FD8F1E9B516600A49CC6 /* Base */ = {isa = PBXFileReference; lastKnownFileType = file.storyboard; name = Base; path = Base.lproj/Main.storyboard; sourceTree = "<group>"; };
		BF82FD911E9B516600A49CC6 /* Assets.xcassets */ = {isa = PBXFileReference; lastKnownFileType = folder.assetcatalog; path = Assets.xcassets; sourceTree = "<group>"; };
		BF82FD941E9B516600A49CC6 /* Base */ = {isa = PBXFileReference; lastKnownFileType = file.storyboard; name = Base; path = Base.lproj/LaunchScreen.storyboard; sourceTree = "<group>"; };
		BF82FD961E9B516600A49CC6 /* Info.plist */ = {isa = PBXFileReference; lastKnownFileType = text.plist.xml; path = Info.plist; sourceTree = "<group>"; };
		BF82FD9D1E9B51EC00A49CC6 /* ReachabilityManager.swift */ = {isa = PBXFileReference; fileEncoding = 4; lastKnownFileType = sourcecode.swift; path = ReachabilityManager.swift; sourceTree = "<group>"; };
		EEB8D962591E6FCE5161F9C5 /* Pods_NetworkStatusMonitor.framework */ = {isa = PBXFileReference; explicitFileType = wrapper.framework; includeInIndex = 0; path = Pods_NetworkStatusMonitor.framework; sourceTree = BUILT_PRODUCTS_DIR; };
/* End PBXFileReference section */

/* Begin PBXFrameworksBuildPhase section */
		BF82FD841E9B516600A49CC6 /* Frameworks */ = {
			isa = PBXFrameworksBuildPhase;
			buildActionMask = 2147483647;
			files = (
				A6950923159219CC81B81FB5 /* Pods_NetworkStatusMonitor.framework in Frameworks */,
			);
			runOnlyForDeploymentPostprocessing = 0;
		};
/* End PBXFrameworksBuildPhase section */

/* Begin PBXGroup section */
		BF82FD7E1E9B516600A49CC6 = {
			isa = PBXGroup;
			children = (
				BF82FD891E9B516600A49CC6 /* NetworkStatusMonitor */,
				BF82FD881E9B516600A49CC6 /* Products */,
				D9B719CD12E89035B2ECD5C7 /* Pods */,
				D1DAB5BA0A95877627D3A661 /* Frameworks */,
			);
			sourceTree = "<group>";
		};
		BF82FD881E9B516600A49CC6 /* Products */ = {
			isa = PBXGroup;
			children = (
				BF82FD871E9B516600A49CC6 /* NetworkStatusMonitor.app */,
			);
			name = Products;
			sourceTree = "<group>";
		};
		BF82FD891E9B516600A49CC6 /* NetworkStatusMonitor */ = {
			isa = PBXGroup;
			children = (
				BF82FD9C1E9B51C700A49CC6 /* Networking */,
				BF82FD8A1E9B516600A49CC6 /* AppDelegate.swift */,
				BF82FD8C1E9B516600A49CC6 /* ViewController.swift */,
				BF82FD8E1E9B516600A49CC6 /* Main.storyboard */,
				BF82FD911E9B516600A49CC6 /* Assets.xcassets */,
				BF82FD931E9B516600A49CC6 /* LaunchScreen.storyboard */,
				BF82FD961E9B516600A49CC6 /* Info.plist */,
			);
			path = NetworkStatusMonitor;
			sourceTree = "<group>";
		};
		BF82FD9C1E9B51C700A49CC6 /* Networking */ = {
			isa = PBXGroup;
			children = (
				BF82FD9D1E9B51EC00A49CC6 /* ReachabilityManager.swift */,
			);
			path = Networking;
			sourceTree = "<group>";
		};
		D1DAB5BA0A95877627D3A661 /* Frameworks */ = {
			isa = PBXGroup;
			children = (
				EEB8D962591E6FCE5161F9C5 /* Pods_NetworkStatusMonitor.framework */,
			);
			name = Frameworks;
			sourceTree = "<group>";
		};
		D9B719CD12E89035B2ECD5C7 /* Pods */ = {
			isa = PBXGroup;
			children = (
				3F2B854B91D7C8DFF29B97DC /* Pods-NetworkStatusMonitor.debug.xcconfig */,
				AC6D2D0AA1C34971978B0BE5 /* Pods-NetworkStatusMonitor.release.xcconfig */,
			);
			name = Pods;
			sourceTree = "<group>";
		};
/* End PBXGroup section */

/* Begin PBXNativeTarget section */
		BF82FD861E9B516600A49CC6 /* NetworkStatusMonitor */ = {
			isa = PBXNativeTarget;
			buildConfigurationList = BF82FD991E9B516600A49CC6 /* Build configuration list for PBXNativeTarget "NetworkStatusMonitor" */;
			buildPhases = (
				A13B81DDE366395A3E19915C /* [CP] Check Pods Manifest.lock */,
				BF82FD831E9B516600A49CC6 /* Sources */,
				BF82FD841E9B516600A49CC6 /* Frameworks */,
				BF82FD851E9B516600A49CC6 /* Resources */,
				9715D832793F305DEF47B233 /* [CP] Embed Pods Frameworks */,
				8C4D4C8F4C701667ECC7D8CA /* [CP] Copy Pods Resources */,
			);
			buildRules = (
			);
			dependencies = (
			);
			name = NetworkStatusMonitor;
			productName = NetworkStatusMonitor;
			productReference = BF82FD871E9B516600A49CC6 /* NetworkStatusMonitor.app */;
			productType = "com.apple.product-type.application";
		};
/* End PBXNativeTarget section */

/* Begin PBXProject section */
		BF82FD7F1E9B516600A49CC6 /* Project object */ = {
			isa = PBXProject;
			attributes = {
				LastSwiftUpdateCheck = 0830;
				LastUpgradeCheck = 0830;
				ORGANIZATIONNAME = "Bao Nguyen";
				TargetAttributes = {
					BF82FD861E9B516600A49CC6 = {
						CreatedOnToolsVersion = 8.3;
						DevelopmentTeam = 4X4ZDEX56P;
						ProvisioningStyle = Automatic;
					};
				};
			};
			buildConfigurationList = BF82FD821E9B516600A49CC6 /* Build configuration list for PBXProject "NetworkStatusMonitor" */;
			compatibilityVersion = "Xcode 3.2";
			developmentRegion = English;
			hasScannedForEncodings = 0;
			knownRegions = (
				en,
				Base,
			);
			mainGroup = BF82FD7E1E9B516600A49CC6;
			productRefGroup = BF82FD881E9B516600A49CC6 /* Products */;
			projectDirPath = "";
			projectRoot = "";
			targets = (
				BF82FD861E9B516600A49CC6 /* NetworkStatusMonitor */,
			);
		};
/* End PBXProject section */

/* Begin PBXResourcesBuildPhase section */
		BF82FD851E9B516600A49CC6 /* Resources */ = {
			isa = PBXResourcesBuildPhase;
			buildActionMask = 2147483647;
			files = (
				BF82FD951E9B516600A49CC6 /* LaunchScreen.storyboard in Resources */,
				BF82FD921E9B516600A49CC6 /* Assets.xcassets in Resources */,
				BF82FD901E9B516600A49CC6 /* Main.storyboard in Resources */,
			);
			runOnlyForDeploymentPostprocessing = 0;
		};
/* End PBXResourcesBuildPhase section */

/* Begin PBXShellScriptBuildPhase section */
		8C4D4C8F4C701667ECC7D8CA /* [CP] Copy Pods Resources */ = {
			isa = PBXShellScriptBuildPhase;
			buildActionMask = 2147483647;
			files = (
			);
			inputPaths = (
			);
			name = "[CP] Copy Pods Resources";
			outputPaths = (
			);
			runOnlyForDeploymentPostprocessing = 0;
			shellPath = /bin/sh;
			shellScript = "\"${SRCROOT}/Pods/Target Support Files/Pods-NetworkStatusMonitor/Pods-NetworkStatusMonitor-resources.sh\"\n";
			showEnvVarsInLog = 0;
		};
		9715D832793F305DEF47B233 /* [CP] Embed Pods Frameworks */ = {
			isa = PBXShellScriptBuildPhase;
			buildActionMask = 2147483647;
			files = (
			);
			inputPaths = (
			);
			name = "[CP] Embed Pods Frameworks";
			outputPaths = (
			);
			runOnlyForDeploymentPostprocessing = 0;
			shellPath = /bin/sh;
			shellScript = "\"${SRCROOT}/Pods/Target Support Files/Pods-NetworkStatusMonitor/Pods-NetworkStatusMonitor-frameworks.sh\"\n";
			showEnvVarsInLog = 0;
		};
		A13B81DDE366395A3E19915C /* [CP] Check Pods Manifest.lock */ = {
			isa = PBXShellScriptBuildPhase;
			buildActionMask = 2147483647;
			files = (
			);
			inputPaths = (
			);
			name = "[CP] Check Pods Manifest.lock";
			outputPaths = (
			);
			runOnlyForDeploymentPostprocessing = 0;
			shellPath = /bin/sh;
			shellScript = "diff \"${PODS_ROOT}/../Podfile.lock\" \"${PODS_ROOT}/Manifest.lock\" > /dev/null\nif [ $? != 0 ] ; then\n    # print error to STDERR\n    echo \"error: The sandbox is not in sync with the Podfile.lock. Run 'pod install' or update your CocoaPods installation.\" >&2\n    exit 1\nfi\n";
			showEnvVarsInLog = 0;
		};
/* End PBXShellScriptBuildPhase section */

/* Begin PBXSourcesBuildPhase section */
		BF82FD831E9B516600A49CC6 /* Sources */ = {
			isa = PBXSourcesBuildPhase;
			buildActionMask = 2147483647;
			files = (
				BF82FD8D1E9B516600A49CC6 /* ViewController.swift in Sources */,
				BF82FD9E1E9B51EC00A49CC6 /* ReachabilityManager.swift in Sources */,
				BF82FD8B1E9B516600A49CC6 /* AppDelegate.swift in Sources */,
			);
			runOnlyForDeploymentPostprocessing = 0;
		};
/* End PBXSourcesBuildPhase section */

/* Begin PBXVariantGroup section */
		BF82FD8E1E9B516600A49CC6 /* Main.storyboard */ = {
			isa = PBXVariantGroup;
			children = (
				BF82FD8F1E9B516600A49CC6 /* Base */,
			);
			name = Main.storyboard;
			sourceTree = "<group>";
		};
		BF82FD931E9B516600A49CC6 /* LaunchScreen.storyboard */ = {
			isa = PBXVariantGroup;
			children = (
				BF82FD941E9B516600A49CC6 /* Base */,
			);
			name = LaunchScreen.storyboard;
			sourceTree = "<group>";
		};
/* End PBXVariantGroup section */

/* Begin XCBuildConfiguration section */
		BF82FD971E9B516600A49CC6 /* Debug */ = {
			isa = XCBuildConfiguration;
			buildSettings = {
				ALWAYS_SEARCH_USER_PATHS = NO;
				CLANG_ANALYZER_NONNULL = YES;
				CLANG_ANALYZER_NUMBER_OBJECT_CONVERSION = YES_AGGRESSIVE;
				CLANG_CXX_LANGUAGE_STANDARD = "gnu++0x";
				CLANG_CXX_LIBRARY = "libc++";
				CLANG_ENABLE_MODULES = YES;
				CLANG_ENABLE_OBJC_ARC = YES;
				CLANG_WARN_BOOL_CONVERSION = YES;
				CLANG_WARN_CONSTANT_CONVERSION = YES;
				CLANG_WARN_DIRECT_OBJC_ISA_USAGE = YES_ERROR;
				CLANG_WARN_DOCUMENTATION_COMMENTS = YES;
				CLANG_WARN_EMPTY_BODY = YES;
				CLANG_WARN_ENUM_CONVERSION = YES;
				CLANG_WARN_INFINITE_RECURSION = YES;
				CLANG_WARN_INT_CONVERSION = YES;
				CLANG_WARN_OBJC_ROOT_CLASS = YES_ERROR;
				CLANG_WARN_SUSPICIOUS_MOVE = YES;
				CLANG_WARN_UNREACHABLE_CODE = YES;
				CLANG_WARN__DUPLICATE_METHOD_MATCH = YES;
				"CODE_SIGN_IDENTITY[sdk=iphoneos*]" = "iPhone Developer";
				COPY_PHASE_STRIP = NO;
				DEBUG_INFORMATION_FORMAT = dwarf;
				ENABLE_STRICT_OBJC_MSGSEND = YES;
				ENABLE_TESTABILITY = YES;
				GCC_C_LANGUAGE_STANDARD = gnu99;
				GCC_DYNAMIC_NO_PIC = NO;
				GCC_NO_COMMON_BLOCKS = YES;
				GCC_OPTIMIZATION_LEVEL = 0;
				GCC_PREPROCESSOR_DEFINITIONS = (
					"DEBUG=1",
					"$(inherited)",
				);
				GCC_WARN_64_TO_32_BIT_CONVERSION = YES;
				GCC_WARN_ABOUT_RETURN_TYPE = YES_ERROR;
				GCC_WARN_UNDECLARED_SELECTOR = YES;
				GCC_WARN_UNINITIALIZED_AUTOS = YES_AGGRESSIVE;
				GCC_WARN_UNUSED_FUNCTION = YES;
				GCC_WARN_UNUSED_VARIABLE = YES;
				IPHONEOS_DEPLOYMENT_TARGET = 10.3;
				MTL_ENABLE_DEBUG_INFO = YES;
				ONLY_ACTIVE_ARCH = YES;
				SDKROOT = iphoneos;
				SWIFT_ACTIVE_COMPILATION_CONDITIONS = DEBUG;
				SWIFT_OPTIMIZATION_LEVEL = "-Onone";
				TARGETED_DEVICE_FAMILY = "1,2";
			};
			name = Debug;
		};
		BF82FD981E9B516600A49CC6 /* Release */ = {
			isa = XCBuildConfiguration;
			buildSettings = {
				ALWAYS_SEARCH_USER_PATHS = NO;
				CLANG_ANALYZER_NONNULL = YES;
				CLANG_ANALYZER_NUMBER_OBJECT_CONVERSION = YES_AGGRESSIVE;
				CLANG_CXX_LANGUAGE_STANDARD = "gnu++0x";
				CLANG_CXX_LIBRARY = "libc++";
				CLANG_ENABLE_MODULES = YES;
				CLANG_ENABLE_OBJC_ARC = YES;
				CLANG_WARN_BOOL_CONVERSION = YES;
				CLANG_WARN_CONSTANT_CONVERSION = YES;
				CLANG_WARN_DIRECT_OBJC_ISA_USAGE = YES_ERROR;
				CLANG_WARN_DOCUMENTATION_COMMENTS = YES;
				CLANG_WARN_EMPTY_BODY = YES;
				CLANG_WARN_ENUM_CONVERSION = YES;
				CLANG_WARN_INFINITE_RECURSION = YES;
				CLANG_WARN_INT_CONVERSION = YES;
				CLANG_WARN_OBJC_ROOT_CLASS = YES_ERROR;
				CLANG_WARN_SUSPICIOUS_MOVE = YES;
				CLANG_WARN_UNREACHABLE_CODE = YES;
				CLANG_WARN__DUPLICATE_METHOD_MATCH = YES;
				"CODE_SIGN_IDENTITY[sdk=iphoneos*]" = "iPhone Developer";
				COPY_PHASE_STRIP = NO;
				DEBUG_INFORMATION_FORMAT = "dwarf-with-dsym";
				ENABLE_NS_ASSERTIONS = NO;
				ENABLE_STRICT_OBJC_MSGSEND = YES;
				GCC_C_LANGUAGE_STANDARD = gnu99;
				GCC_NO_COMMON_BLOCKS = YES;
				GCC_WARN_64_TO_32_BIT_CONVERSION = YES;
				GCC_WARN_ABOUT_RETURN_TYPE = YES_ERROR;
				GCC_WARN_UNDECLARED_SELECTOR = YES;
				GCC_WARN_UNINITIALIZED_AUTOS = YES_AGGRESSIVE;
				GCC_WARN_UNUSED_FUNCTION = YES;
				GCC_WARN_UNUSED_VARIABLE = YES;
				IPHONEOS_DEPLOYMENT_TARGET = 10.3;
				MTL_ENABLE_DEBUG_INFO = NO;
				SDKROOT = iphoneos;
				SWIFT_OPTIMIZATION_LEVEL = "-Owholemodule";
				TARGETED_DEVICE_FAMILY = "1,2";
				VALIDATE_PRODUCT = YES;
			};
			name = Release;
		};
		BF82FD9A1E9B516600A49CC6 /* Debug */ = {
			isa = XCBuildConfiguration;
			baseConfigurationReference = 3F2B854B91D7C8DFF29B97DC /* Pods-NetworkStatusMonitor.debug.xcconfig */;
			buildSettings = {
				ASSETCATALOG_COMPILER_APPICON_NAME = AppIcon;
				DEVELOPMENT_TEAM = 4X4ZDEX56P;
				INFOPLIST_FILE = NetworkStatusMonitor/Info.plist;
				LD_RUNPATH_SEARCH_PATHS = "$(inherited) @executable_path/Frameworks";
				PRODUCT_BUNDLE_IDENTIFIER = com.baon.NetworkStatusMonitor;
				PRODUCT_NAME = "$(TARGET_NAME)";
				SWIFT_VERSION = 3.0;
			};
			name = Debug;
		};
		BF82FD9B1E9B516600A49CC6 /* Release */ = {
			isa = XCBuildConfiguration;
			baseConfigurationReference = AC6D2D0AA1C34971978B0BE5 /* Pods-NetworkStatusMonitor.release.xcconfig */;
			buildSettings = {
				ASSETCATALOG_COMPILER_APPICON_NAME = AppIcon;
				DEVELOPMENT_TEAM = 4X4ZDEX56P;
				INFOPLIST_FILE = NetworkStatusMonitor/Info.plist;
				LD_RUNPATH_SEARCH_PATHS = "$(inherited) @executable_path/Frameworks";
				PRODUCT_BUNDLE_IDENTIFIER = com.baon.NetworkStatusMonitor;
				PRODUCT_NAME = "$(TARGET_NAME)";
				SWIFT_VERSION = 3.0;
			};
			name = Release;
		};
/* End XCBuildConfiguration section */

/* Begin XCConfigurationList section */
		BF82FD821E9B516600A49CC6 /* Build configuration list for PBXProject "NetworkStatusMonitor" */ = {
			isa = XCConfigurationList;
			buildConfigurations = (
				BF82FD971E9B516600A49CC6 /* Debug */,
				BF82FD981E9B516600A49CC6 /* Release */,
			);
			defaultConfigurationIsVisible = 0;
			defaultConfigurationName = Release;
		};
		BF82FD991E9B516600A49CC6 /* Build configuration list for PBXNativeTarget "NetworkStatusMonitor" */ = {
			isa = XCConfigurationList;
			buildConfigurations = (
				BF82FD9A1E9B516600A49CC6 /* Debug */,
				BF82FD9B1E9B516600A49CC6 /* Release */,
			);
			defaultConfigurationIsVisible = 0;
			defaultConfigurationName = Release;
		};
/* End XCConfigurationList section */
	};
	rootObject = BF82FD7F1E9B516600A49CC6 /* Project object */;
}
